
Microsoft Visual Studio Solution File, Format Version 12.00
# Visual Studio Version 17
VisualStudioVersion = 17.6.33829.357
MinimumVisualStudioVersion = 10.0.40219.1
Project("{8BC9CEB8-8B4A-11D0-8D11-00A0C91BC942}") = "XusoryEngine", "XusoryEngine\XusoryEngine.vcxproj", "{3EE188E3-682C-4AF6-8F63-80E2E5D4E103}"
EndProject
Project("{8BC9CEB8-8B4A-11D0-8D11-00A0C91BC942}") = "XusoryEditor", "XusoryEditor\XusoryEditor.vcxproj", "{74838318-4CE8-4910-94A0-33E8A2AA2CC4}"
EndProject
Project("{8BC9CEB8-8B4A-11D0-8D11-00A0C91BC942}") = "GameMain", "GameMain\GameMain.vcxproj", "{56F373B3-80D4-4C3B-9436-B2059C9C35DD}"
EndProject
Global
	GlobalSection(SolutionConfigurationPlatforms) = preSolution
		Debug|x64 = Debug|x64
		Debug|x86 = Debug|x86
		Release|x64 = Release|x64
		Release|x86 = Release|x86
	EndGlobalSection
	GlobalSection(ProjectConfigurationPlatforms) = postSolution
		{3EE188E3-682C-4AF6-8F63-80E2E5D4E103}.Debug|x64.ActiveCfg = Debug|x64
		{3EE188E3-682C-4AF6-8F63-80E2E5D4E103}.Debug|x64.Build.0 = Debug|x64
		{3EE188E3-682C-4AF6-8F63-80E2E5D4E103}.Debug|x86.ActiveCfg = Debug|Win32
		{3EE188E3-682C-4AF6-8F63-80E2E5D4E103}.Debug|x86.Build.0 = Debug|Win32
		{3EE188E3-682C-4AF6-8F63-80E2E5D4E103}.Release|x64.ActiveCfg = Release|x64
		{3EE188E3-682C-4AF6-8F63-80E2E5D4E103}.Release|x64.Build.0 = Release|x64
		{3EE188E3-682C-4AF6-8F63-80E2E5D4E103}.Release|x86.ActiveCfg = Release|Win32
		{3EE188E3-682C-4AF6-8F63-80E2E5D4E103}.Release|x86.Build.0 = Release|Win32
		{74838318-4CE8-4910-94A0-33E8A2AA2CC4}.Debug|x64.ActiveCfg = Debug|x64
		{74838318-4CE8-4910-94A0-33E8A2AA2CC4}.Debug|x64.Build.0 = Debug|x64
		{74838318-4CE8-4910-94A0-33E8A2AA2CC4}.Debug|x86.ActiveCfg = Debug|x64
		{74838318-4CE8-4910-94A0-33E8A2AA2CC4}.Debug|x86.Build.0 = Debug|x64
		{74838318-4CE8-4910-94A0-33E8A2AA2CC4}.Release|x64.ActiveCfg = Release|x64
		{74838318-4CE8-4910-94A0-33E8A2AA2CC4}.Release|x64.Build.0 = Release|x64
		{74838318-4CE8-4910-94A0-33E8A2AA2CC4}.Release|x86.ActiveCfg = Release|x64
		{74838318-4CE8-4910-94A0-33E8A2AA2CC4}.Release|x86.Build.0 = Release|x64
		{56F373B3-80D4-4C3B-9436-B2059C9C35DD}.Debug|x64.ActiveCfg = Debug|x64
		{56F373B3-80D4-4C3B-9436-B2059C9C35DD}.Debug|x64.Build.0 = Debug|x64
		{56F373B3-80D4-4C3B-9436-B2059C9C35DD}.Debug|x86.ActiveCfg = Debug|Win32
		{56F373B3-80D4-4C3B-9436-B2059C9C35DD}.Debug|x86.Build.0 = Debug|Win32
		{56F373B3-80D4-4C3B-9436-B2059C9C35DD}.Release|x64.ActiveCfg = Release|x64
		{56F373B3-80D4-4C3B-9436-B2059C9C35DD}.Release|x64.Build.0 = Release|x64
		{56F373B3-80D4-4C3B-9436-B2059C9C35DD}.Release|x86.ActiveCfg = Release|Win32
		{56F373B3-80D4-4C3B-9436-B2059C9C35DD}.Release|x86.Build.0 = Release|Win32
	EndGlobalSection
	GlobalSection(SolutionProperties) = preSolution
		HideSolutionNode = FALSE
	EndGlobalSection
	GlobalSection(ExtensibilityGlobals) = postSolution
		SolutionGuid = {EE08F58F-5F7F-479E-B73C-4570E8220862}
	EndGlobalSection
EndGlobal
