<?xml version="1.0" encoding="utf-8"?>
<Project ToolsVersion="4.0" xmlns="http://schemas.microsoft.com/developer/msbuild/2003">
  <ItemGroup>
    <Filter Include="源文件">
      <UniqueIdentifier>{4FC737F1-C7A5-4376-A066-2A32D752A2FF}</UniqueIdentifier>
      <Extensions>cpp;c;cc;cxx;c++;cppm;ixx;def;odl;idl;hpj;bat;asm;asmx</Extensions>
    </Filter>
    <Filter Include="头文件">
      <UniqueIdentifier>{93995380-89BD-4b04-88EB-625FBE52EBFB}</UniqueIdentifier>
      <Extensions>h;hh;hpp;hxx;h++;hm;inl;inc;ipp;xsd</Extensions>
    </Filter>
    <Filter Include="资源文件">
      <UniqueIdentifier>{67DA6AB6-F800-4c08-8B7A-83BB121AAD01}</UniqueIdentifier>
      <Extensions>rc;ico;cur;bmp;dlg;rc2;rct;bin;rgs;gif;jpg;jpeg;jpe;resx;tiff;tif;png;wav;mfcribbon-ms</Extensions>
    </Filter>
  </ItemGroup>
  <ItemGroup>
    <ClInclude Include="Assets\Scripts\CameraAround.h">
      <Filter>头文件</Filter>
    </ClInclude>
    <ClInclude Include="Assets\XusoryEngine.h">
      <Filter>头文件</Filter>
    </ClInclude>
    <ClInclude Include="GameMain\Assets.h">
      <Filter>头文件</Filter>
    </ClInclude>
    <ClInclude Include="GameMain\GameMain.h">
      <Filter>头文件</Filter>
    </ClInclude>
    <ClInclude Include="GameMain\SceneMain.h">
      <Filter>头文件</Filter>
    </ClInclude>
    <ClInclude Include="ProjectPackage\Game\GameWindow.h">
      <Filter>头文件</Filter>
    </ClInclude>
    <ClInclude Include="ProjectPackage\Header\3rdParty\jsoncpp\json.h">
      <Filter>头文件</Filter>
    </ClInclude>
    <ClInclude Include="ProjectPackage\Header\3rdParty\jsoncpp\json-forwards.h">
      <Filter>头文件</Filter>
    </ClInclude>
    <ClInclude Include="ProjectPackage\Header\Core\API\Factory.h">
      <Filter>头文件</Filter>
    </ClInclude>
    <ClInclude Include="ProjectPackage\Header\Core\Debug\Debug.h">
      <Filter>头文件</Filter>
    </ClInclude>
    <ClInclude Include="ProjectPackage\Header\Core\Graphics\Common\GraphicsDefine.h">
      <Filter>头文件</Filter>
    </ClInclude>
    <ClInclude Include="ProjectPackage\Header\Core\Graphics\Geometry\Vertex.h">
      <Filter>头文件</Filter>
    </ClInclude>
    <ClInclude Include="ProjectPackage\Header\Core\Graphics\CommandContext.h">
      <Filter>头文件</Filter>
    </ClInclude>
    <ClInclude Include="ProjectPackage\Header\Core\Graphics\GraphicsManager.h">
      <Filter>头文件</Filter>
    </ClInclude>
    <ClInclude Include="ProjectPackage\Header\Core\Graphics\Material.h">
      <Filter>头文件</Filter>
    </ClInclude>
    <ClInclude Include="ProjectPackage\Header\Core\Graphics\Mesh.h">
      <Filter>头文件</Filter>
    </ClInclude>
    <ClInclude Include="ProjectPackage\Header\Core\Graphics\RenderPipeline.h">
      <Filter>头文件</Filter>
    </ClInclude>
    <ClInclude Include="ProjectPackage\Header\Core\Graphics\RhiManager.h">
      <Filter>头文件</Filter>
    </ClInclude>
    <ClInclude Include="ProjectPackage\Header\Core\Graphics\Shader.h">
      <Filter>头文件</Filter>
    </ClInclude>
    <ClInclude Include="ProjectPackage\Header\Core\Graphics\Texture.h">
      <Filter>头文件</Filter>
    </ClInclude>
    <ClInclude Include="ProjectPackage\Header\Core\Math\Common\MathDefine.h">
      <Filter>头文件</Filter>
    </ClInclude>
    <ClInclude Include="ProjectPackage\Header\Core\Math\Math.h">
      <Filter>头文件</Filter>
    </ClInclude>
    <ClInclude Include="ProjectPackage\Header\Core\Math\Matrix2x2.h">
      <Filter>头文件</Filter>
    </ClInclude>
    <ClInclude Include="ProjectPackage\Header\Core\Math\Matrix3x3.h">
      <Filter>头文件</Filter>
    </ClInclude>
    <ClInclude Include="ProjectPackage\Header\Core\Math\Matrix4x4.h">
      <Filter>头文件</Filter>
    </ClInclude>
    <ClInclude Include="ProjectPackage\Header\Core\Math\Vector2.h">
      <Filter>头文件</Filter>
    </ClInclude>
    <ClInclude Include="ProjectPackage\Header\Core\Math\Vector3.h">
      <Filter>头文件</Filter>
    </ClInclude>
    <ClInclude Include="ProjectPackage\Header\Core\Math\Vector4.h">
      <Filter>头文件</Filter>
    </ClInclude>
    <ClInclude Include="ProjectPackage\Header\Core\Parsing\JsonDocument.h">
      <Filter>头文件</Filter>
    </ClInclude>
    <ClInclude Include="ProjectPackage\Header\Core\Core.h">
      <Filter>头文件</Filter>
    </ClInclude>
    <ClInclude Include="ProjectPackage\Header\CppEx\AsyncInfo\AsyncInfo.h">
      <Filter>头文件</Filter>
    </ClInclude>
    <ClInclude Include="ProjectPackage\Header\CppEx\ClassEx\ClassEx.h">
      <Filter>头文件</Filter>
    </ClInclude>
    <ClInclude Include="ProjectPackage\Header\CppEx\CppInfo\CppInfo.h">
      <Filter>头文件</Filter>
    </ClInclude>
    <ClInclude Include="ProjectPackage\Header\CppEx\DllDefine\DllDefine.h">
      <Filter>头文件</Filter>
    </ClInclude>
    <ClInclude Include="ProjectPackage\Header\CppEx\Enum\Enum.h">
      <Filter>头文件</Filter>
    </ClInclude>
    <ClInclude Include="ProjectPackage\Header\CppEx\Error\Exception.h">
      <Filter>头文件</Filter>
    </ClInclude>
    <ClInclude Include="ProjectPackage\Header\CppEx\Error\Throw.h">
      <Filter>头文件</Filter>
    </ClInclude>
    <ClInclude Include="ProjectPackage\Header\CppEx\Error\TraceBack.h">
      <Filter>头文件</Filter>
    </ClInclude>
    <ClInclude Include="ProjectPackage\Header\CppEx\Name\Name.h">
      <Filter>头文件</Filter>
    </ClInclude>
    <ClInclude Include="ProjectPackage\Header\CppEx\Reflector\Reflector.h">
      <Filter>头文件</Filter>
    </ClInclude>
    <ClInclude Include="ProjectPackage\Header\CppEx\CppEx.h">
      <Filter>头文件</Filter>
    </ClInclude>
    <ClInclude Include="ProjectPackage\Header\Engine\Common\EngineDefine.h">
      <Filter>头文件</Filter>
    </ClInclude>
    <ClInclude Include="ProjectPackage\Header\Engine\Component\Behaviour\Behaviour.h">
      <Filter>头文件</Filter>
    </ClInclude>
    <ClInclude Include="ProjectPackage\Header\Engine\Component\EngineComponent\Actor\Actor.h">
      <Filter>头文件</Filter>
    </ClInclude>
    <ClInclude Include="ProjectPackage\Header\Engine\Component\EngineComponent\Camera\Camera.h">
      <Filter>头文件</Filter>
    </ClInclude>
    <ClInclude Include="ProjectPackage\Header\Engine\Component\EngineComponent\Light\Light.h">
      <Filter>头文件</Filter>
    </ClInclude>
    <ClInclude Include="ProjectPackage\Header\Engine\Component\EngineComponent\Renderer\MeshRenderer.h">
      <Filter>头文件</Filter>
    </ClInclude>
    <ClInclude Include="ProjectPackage\Header\Engine\Component\Transform\Transform.h">
      <Filter>头文件</Filter>
    </ClInclude>
    <ClInclude Include="ProjectPackage\Header\Engine\Component\Component.h">
      <Filter>头文件</Filter>
    </ClInclude>
    <ClInclude Include="ProjectPackage\Header\Engine\EngineMath\Quaternion.h">
      <Filter>头文件</Filter>
    </ClInclude>
    <ClInclude Include="ProjectPackage\Header\Engine\GameManager\GameManager.h">
      <Filter>头文件</Filter>
    </ClInclude>
    <ClInclude Include="ProjectPackage\Header\Engine\GameObject\GameObject.h">
      <Filter>头文件</Filter>
    </ClInclude>
    <ClInclude Include="ProjectPackage\Header\Engine\GameTimer\GameTimer.h">
      <Filter>头文件</Filter>
    </ClInclude>
    <ClInclude Include="ProjectPackage\Header\Engine\Input\Input.h">
      <Filter>头文件</Filter>
    </ClInclude>
    <ClInclude Include="ProjectPackage\Header\Engine\Scene\Scene.h">
      <Filter>头文件</Filter>
    </ClInclude>
    <ClInclude Include="ProjectPackage\Header\Engine\Scene\SceneManager.h">
      <Filter>头文件</Filter>
    </ClInclude>
    <ClInclude Include="ProjectPackage\Header\Engine\Engine.h">
      <Filter>头文件</Filter>
    </ClInclude>
    <ClInclude Include="ProjectPackage\Header\Platform\Common\PlatformDefine.h">
      <Filter>头文件</Filter>
    </ClInclude>
    <ClInclude Include="ProjectPackage\Header\Platform\Console\Console.h">
      <Filter>头文件</Filter>
    </ClInclude>
    <ClInclude Include="ProjectPackage\Header\Platform\Dll\Dll.h">
      <Filter>头文件</Filter>
    </ClInclude>
    <ClInclude Include="ProjectPackage\Header\Platform\File\Common\FileDefine.h">
      <Filter>头文件</Filter>
    </ClInclude>
    <ClInclude Include="ProjectPackage\Header\Platform\File\Directory.h">
      <Filter>头文件</Filter>
    </ClInclude>
    <ClInclude Include="ProjectPackage\Header\Platform\File\File.h">
      <Filter>头文件</Filter>
    </ClInclude>
    <ClInclude Include="ProjectPackage\Header\Platform\InputDevice\Commom\KeyCode.h">
      <Filter>头文件</Filter>
    </ClInclude>
    <ClInclude Include="ProjectPackage\Header\Platform\InputDevice\InputDevice.h">
      <Filter>头文件</Filter>
    </ClInclude>
    <ClInclude Include="ProjectPackage\Header\Platform\System\SystemInfo.h">
      <Filter>头文件</Filter>
    </ClInclude>
    <ClInclude Include="ProjectPackage\Header\Platform\Time\Date.h">
      <Filter>头文件</Filter>
    </ClInclude>
    <ClInclude Include="ProjectPackage\Header\Platform\Time\Time.h">
      <Filter>头文件</Filter>
    </ClInclude>
    <ClInclude Include="ProjectPackage\Header\Platform\Window\Common\WindowDefine.h">
      <Filter>头文件</Filter>
    </ClInclude>
    <ClInclude Include="ProjectPackage\Header\Platform\Window\Common\WindowEvent.h">
      <Filter>头文件</Filter>
    </ClInclude>
    <ClInclude Include="ProjectPackage\Header\Platform\Window\Window.h">
      <Filter>头文件</Filter>
    </ClInclude>
    <ClInclude Include="ProjectPackage\Header\Platform\Window\WindowFactory.h">
      <Filter>头文件</Filter>
    </ClInclude>
    <ClInclude Include="ProjectPackage\Header\Platform\Platform.h">
      <Filter>头文件</Filter>
    </ClInclude>
    <ClInclude Include="ProjectPackage\Header\Resource\ResourceLoader\MeshLoader.h">
      <Filter>头文件</Filter>
    </ClInclude>
    <ClInclude Include="ProjectPackage\Header\Resource\ResourceLoader\ResourceLoader.h">
      <Filter>头文件</Filter>
    </ClInclude>
    <ClInclude Include="ProjectPackage\Header\Resource\ResourceLoader\ShaderLoader.h">
      <Filter>头文件</Filter>
    </ClInclude>
    <ClInclude Include="ProjectPackage\Header\Resource\ResourceLoader\TextureLoader.h">
      <Filter>头文件</Filter>
    </ClInclude>
    <ClInclude Include="ProjectPackage\Header\Resource\Resource.h">
      <Filter>头文件</Filter>
    </ClInclude>
    <ClInclude Include="ProjectPackage\Header\RHI\DirectX\Common\d3dx12.h">
      <Filter>头文件</Filter>
    </ClInclude>
    <ClInclude Include="ProjectPackage\Header\RHI\DirectX\Common\DxDefine.h">
      <Filter>头文件</Filter>
    </ClInclude>
    <ClInclude Include="ProjectPackage\Header\RHI\DirectX\Common\DxInclude.h">
      <Filter>头文件</Filter>
    </ClInclude>
    <ClInclude Include="ProjectPackage\Header\RHI\DirectX\Common\DxObject.h">
      <Filter>头文件</Filter>
    </ClInclude>
    <ClInclude Include="ProjectPackage\Header\RHI\DirectX\DX12\Buffer\Dx12Buffer.h">
      <Filter>头文件</Filter>
    </ClInclude>
    <ClInclude Include="ProjectPackage\Header\RHI\DirectX\DX12\Buffer\Dx12Buffer1D.h">
      <Filter>头文件</Filter>
    </ClInclude>
    <ClInclude Include="ProjectPackage\Header\RHI\DirectX\DX12\Buffer\Dx12Buffer2D.h">
      <Filter>头文件</Filter>
    </ClInclude>
    <ClInclude Include="ProjectPackage\Header\RHI\DirectX\DX12\Buffer\Dx12ConstantBuffer.h">
      <Filter>头文件</Filter>
    </ClInclude>
    <ClInclude Include="ProjectPackage\Header\RHI\DirectX\DX12\Buffer\Dx12DepthStencilBuffer.h">
      <Filter>头文件</Filter>
    </ClInclude>
    <ClInclude Include="ProjectPackage\Header\RHI\DirectX\DX12\Buffer\Dx12MeshBuffer.h">
      <Filter>头文件</Filter>
    </ClInclude>
    <ClInclude Include="ProjectPackage\Header\RHI\DirectX\DX12\Buffer\Dx12RenderTargetBuffer.h">
      <Filter>头文件</Filter>
    </ClInclude>
    <ClInclude Include="ProjectPackage\Header\RHI\DirectX\DX12\Buffer\Dx12ShaderResourceBuffer.h">
      <Filter>头文件</Filter>
    </ClInclude>
    <ClInclude Include="ProjectPackage\Header\RHI\DirectX\DX12\Buffer\Dx12TextureBuffer.h">
      <Filter>头文件</Filter>
    </ClInclude>
    <ClInclude Include="ProjectPackage\Header\RHI\DirectX\DX12\Buffer\Dx12UnorderedAccessBuffer.h">
      <Filter>头文件</Filter>
    </ClInclude>
    <ClInclude Include="ProjectPackage\Header\RHI\DirectX\DX12\Buffer\Dx12UploadBuffer.h">
      <Filter>头文件</Filter>
    </ClInclude>
    <ClInclude Include="ProjectPackage\Header\RHI\DirectX\DX12\Dx12CommandAllocator.h">
      <Filter>头文件</Filter>
    </ClInclude>
    <ClInclude Include="ProjectPackage\Header\RHI\DirectX\DX12\Dx12CommandList.h">
      <Filter>头文件</Filter>
    </ClInclude>
    <ClInclude Include="ProjectPackage\Header\RHI\DirectX\DX12\Dx12CommandQueue.h">
      <Filter>头文件</Filter>
    </ClInclude>
    <ClInclude Include="ProjectPackage\Header\RHI\DirectX\DX12\Dx12DescriptorAllocator.h">
      <Filter>头文件</Filter>
    </ClInclude>
    <ClInclude Include="ProjectPackage\Header\RHI\DirectX\DX12\Dx12DescriptorHeap.h">
      <Filter>头文件</Filter>
    </ClInclude>
    <ClInclude Include="ProjectPackage\Header\RHI\DirectX\DX12\Dx12Device.h">
      <Filter>头文件</Filter>
    </ClInclude>
    <ClInclude Include="ProjectPackage\Header\RHI\DirectX\DX12\Dx12Fence.h">
      <Filter>头文件</Filter>
    </ClInclude>
    <ClInclude Include="ProjectPackage\Header\RHI\DirectX\DX12\Dx12PipelineState.h">
      <Filter>头文件</Filter>
    </ClInclude>
    <ClInclude Include="ProjectPackage\Header\RHI\DirectX\DX12\Dx12RootSignature.h">
      <Filter>头文件</Filter>
    </ClInclude>
    <ClInclude Include="ProjectPackage\Header\RHI\DirectX\DxFactory.h">
      <Filter>头文件</Filter>
    </ClInclude>
    <ClInclude Include="ProjectPackage\Header\RHI\DirectX\DxShaderCompiler.h">
      <Filter>头文件</Filter>
    </ClInclude>
    <ClInclude Include="ProjectPackage\Header\RHI\DirectX\DxSwapChain.h">
      <Filter>头文件</Filter>
    </ClInclude>
    <ClInclude Include="ProjectPackage\Header\RHI\DirectX\DxTextureLoader.h">
      <Filter>头文件</Filter>
    </ClInclude>
    <ClInclude Include="ProjectPackage\Header\RHI\RHI.h">
      <Filter>头文件</Filter>
    </ClInclude>
    <ClInclude Include="ProjectPackage\Header\StdEx\StringEx\StringEx.h">
      <Filter>头文件</Filter>
    </ClInclude>
    <ClInclude Include="ProjectPackage\Header\StdEx\TypeName\TypeName.h">
      <Filter>头文件</Filter>
    </ClInclude>
    <ClInclude Include="ProjectPackage\Header\StdEx\StdEx.h">
      <Filter>头文件</Filter>
    </ClInclude>
    <ClInclude Include="ProjectPackage\RenderPipeline\BuiltInRenderPipeline.h">
      <Filter>头文件</Filter>
    </ClInclude>
    <ClInclude Include="ProjectPackage\XusoryEngine.h">
      <Filter>头文件</Filter>
    </ClInclude>
  </ItemGroup>
  <ItemGroup>
    <ClCompile Include="ProjectPackage\Header\3rdParty\jsoncpp\private\jsoncpp.cpp">
      <Filter>源文件</Filter>
    </ClCompile>
    <ClCompile Include="GameMain.cpp">
      <Filter>源文件</Filter>
    </ClCompile>
  </ItemGroup>
  <ItemGroup>
    <FxCompile Include="ProjectPackage\XsShaders\Standard\BlinnPhong.hlsl" />
    <FxCompile Include="ProjectPackage\XsShaders\Standard\Pbr.hlsl" />
    <FxCompile Include="ProjectPackage\XsShaders\Standard\Unlit.hlsl" />
  </ItemGroup>
  <ItemGroup>
    <None Include="ProjectPackage\XsShaders\Include\XsHlsl.hlsl" />
    <None Include="packages.config" />
  </ItemGroup>
</Project>