<?xml version="1.0" encoding="utf-8"?>
<Project ToolsVersion="4.0" xmlns="http://schemas.microsoft.com/developer/msbuild/2003">
  <ItemGroup>
    <Filter Include="源文件">
      <UniqueIdentifier>{4FC737F1-C7A5-4376-A066-2A32D752A2FF}</UniqueIdentifier>
      <Extensions>cpp;c;cc;cxx;c++;cppm;ixx;def;odl;idl;hpj;bat;asm;asmx</Extensions>
    </Filter>
    <Filter Include="头文件">
      <UniqueIdentifier>{93995380-89BD-4b04-88EB-625FBE52EBFB}</UniqueIdentifier>
      <Extensions>h;hh;hpp;hxx;h++;hm;inl;inc;ipp;xsd</Extensions>
    </Filter>
    <Filter Include="资源文件">
      <UniqueIdentifier>{67DA6AB6-F800-4c08-8B7A-83BB121AAD01}</UniqueIdentifier>
      <Extensions>rc;ico;cur;bmp;dlg;rc2;rct;bin;rgs;gif;jpg;jpeg;jpe;resx;tiff;tif;png;wav;mfcribbon-ms</Extensions>
    </Filter>
  </ItemGroup>
  <ItemGroup>
    <ClCompile Include="main.cpp">
      <Filter>源文件</Filter>
    </ClCompile>
    <ClCompile Include="Header\RHI\DirectX\DX12\Private\Dx12Device.cpp">
      <Filter>源文件</Filter>
    </ClCompile>
    <ClCompile Include="Header\RHI\DirectX\Private\DxFactory.cpp">
      <Filter>源文件</Filter>
    </ClCompile>
    <ClCompile Include="Header\RHI\DirectX\DX12\Private\Dx12RootSignature.cpp">
      <Filter>源文件</Filter>
    </ClCompile>
    <ClCompile Include="Header\RHI\DirectX\DX12\Buffer\Private\Dx12Buffer1D.cpp">
      <Filter>源文件</Filter>
    </ClCompile>
    <ClCompile Include="Header\RHI\DirectX\DX12\Buffer\Private\Dx12Buffer.cpp">
      <Filter>源文件</Filter>
    </ClCompile>
    <ClCompile Include="Header\RHI\DirectX\DX12\Buffer\Private\Dx12Buffer2D.cpp">
      <Filter>源文件</Filter>
    </ClCompile>
    <ClCompile Include="Header\RHI\DirectX\DX12\Private\Dx12DescriptorAllocator.cpp">
      <Filter>源文件</Filter>
    </ClCompile>
    <ClCompile Include="Header\RHI\DirectX\DX12\Private\Dx12DescriptorHeap.cpp">
      <Filter>源文件</Filter>
    </ClCompile>
    <ClCompile Include="Header\Core\Graphics\Private\GraphicsManager.cpp">
      <Filter>源文件</Filter>
    </ClCompile>
    <ClCompile Include="Header\RHI\DirectX\DX12\Buffer\Private\Dx12RenderTargetBuffer.cpp">
      <Filter>源文件</Filter>
    </ClCompile>
    <ClCompile Include="Header\RHI\DirectX\Private\DxSwapChain.cpp">
      <Filter>源文件</Filter>
    </ClCompile>
    <ClCompile Include="Header\RHI\DirectX\DX12\Buffer\Private\Dx12UnorderedAccessBuffer.cpp">
      <Filter>源文件</Filter>
    </ClCompile>
    <ClCompile Include="Header\RHI\DirectX\DX12\Buffer\Private\Dx12DepthStencilBuffer.cpp">
      <Filter>源文件</Filter>
    </ClCompile>
    <ClCompile Include="Header\RHI\DirectX\DX12\Buffer\Private\Dx12ShaderResourceBuffer.cpp">
      <Filter>源文件</Filter>
    </ClCompile>
    <ClCompile Include="Header\RHI\DirectX\DX12\Buffer\Private\Dx12ConstantBuffer.cpp">
      <Filter>源文件</Filter>
    </ClCompile>
    <ClCompile Include="Header\RHI\DirectX\DX12\Buffer\Private\Dx12MeshBuffer.cpp">
      <Filter>源文件</Filter>
    </ClCompile>
    <ClCompile Include="Header\RHI\DirectX\DX12\Private\Dx12CommandAllocator.cpp">
      <Filter>源文件</Filter>
    </ClCompile>
    <ClCompile Include="Header\RHI\DirectX\DX12\Private\Dx12CommandQueue.cpp">
      <Filter>源文件</Filter>
    </ClCompile>
    <ClCompile Include="Header\RHI\DirectX\DX12\Private\Dx12CommandList.cpp">
      <Filter>源文件</Filter>
    </ClCompile>
    <ClCompile Include="Header\RHI\DirectX\DX12\Private\Dx12Fence.cpp">
      <Filter>源文件</Filter>
    </ClCompile>
    <ClCompile Include="Header\RHI\DirectX\DX12\Private\Dx12PipelineState.cpp">
      <Filter>源文件</Filter>
    </ClCompile>
    <ClCompile Include="Header\RHI\DirectX\Private\DxShaderCompiler.cpp">
      <Filter>源文件</Filter>
    </ClCompile>
    <ClCompile Include="Header\Core\Graphics\Private\Shader.cpp">
      <Filter>源文件</Filter>
    </ClCompile>
    <ClCompile Include="Header\Core\Graphics\Private\CommandContext.cpp">
      <Filter>源文件</Filter>
    </ClCompile>
    <ClCompile Include="Header\Core\Graphics\Private\Mesh.cpp">
      <Filter>源文件</Filter>
    </ClCompile>
    <ClCompile Include="Header\Core\Graphics\Private\Material.cpp">
      <Filter>源文件</Filter>
    </ClCompile>
    <ClCompile Include="Header\RHI\DirectX\DX12\Buffer\Private\Dx12UploadBuffer.cpp">
      <Filter>源文件</Filter>
    </ClCompile>
    <ClCompile Include="Header\Core\Graphics\Private\Texture.cpp">
      <Filter>源文件</Filter>
    </ClCompile>
    <ClCompile Include="Header\Engine\EngineMath\Private\XsMath.cpp">
      <Filter>源文件</Filter>
    </ClCompile>
    <ClCompile Include="Header\RHI\DirectX\Private\DxTextureLoader.cpp">
      <Filter>源文件</Filter>
    </ClCompile>
    <ClCompile Include="Header\RHI\DirectX\Common\Private\DDSTextureLoader.cpp">
      <Filter>源文件</Filter>
    </ClCompile>
    <ClCompile Include="Header\RHI\DirectX\DX12\Buffer\Private\Dx12TextureBuffer.cpp">
      <Filter>源文件</Filter>
    </ClCompile>
    <ClCompile Include="Header\Resource\ResourceLoader\Private\TextureLoader.cpp">
      <Filter>源文件</Filter>
    </ClCompile>
  </ItemGroup>
  <ItemGroup>
    <ClInclude Include="Header\Core\Debug\Debug.h">
      <Filter>头文件</Filter>
    </ClInclude>
    <ClInclude Include="Header\Core\Math\Common\MathDefine.h">
      <Filter>头文件</Filter>
    </ClInclude>
    <ClInclude Include="Header\Core\Math\Math.h">
      <Filter>头文件</Filter>
    </ClInclude>
    <ClInclude Include="Header\Core\Math\Matrix2x2.h">
      <Filter>头文件</Filter>
    </ClInclude>
    <ClInclude Include="Header\Core\Math\Matrix3x3.h">
      <Filter>头文件</Filter>
    </ClInclude>
    <ClInclude Include="Header\Core\Math\Matrix4x4.h">
      <Filter>头文件</Filter>
    </ClInclude>
    <ClInclude Include="Header\Core\Math\Vector2.h">
      <Filter>头文件</Filter>
    </ClInclude>
    <ClInclude Include="Header\Core\Math\Vector3.h">
      <Filter>头文件</Filter>
    </ClInclude>
    <ClInclude Include="Header\Core\Math\Vector4.h">
      <Filter>头文件</Filter>
    </ClInclude>
    <ClInclude Include="Header\Core\Core.h">
      <Filter>头文件</Filter>
    </ClInclude>
    <ClInclude Include="Header\CppEx\ClassEx\ClassEx.h">
      <Filter>头文件</Filter>
    </ClInclude>
    <ClInclude Include="Header\CppEx\Name\Name.h">
      <Filter>头文件</Filter>
    </ClInclude>
    <ClInclude Include="Header\CppEx\CppInfo\CppInfo.h">
      <Filter>头文件</Filter>
    </ClInclude>
    <ClInclude Include="Header\CppEx\Enum\Enum.h">
      <Filter>头文件</Filter>
    </ClInclude>
    <ClInclude Include="Header\CppEx\Error\Exception.h">
      <Filter>头文件</Filter>
    </ClInclude>
    <ClInclude Include="Header\CppEx\Error\Throw.h">
      <Filter>头文件</Filter>
    </ClInclude>
    <ClInclude Include="Header\CppEx\Error\TraceBack.h">
      <Filter>头文件</Filter>
    </ClInclude>
    <ClInclude Include="Header\CppEx\Reflector\Reflector.h">
      <Filter>头文件</Filter>
    </ClInclude>
    <ClInclude Include="Header\CppEx\CppEx.h">
      <Filter>头文件</Filter>
    </ClInclude>
    <ClInclude Include="Header\Platform\Common\PlatformDefine.h">
      <Filter>头文件</Filter>
    </ClInclude>
    <ClInclude Include="Header\Platform\Console\Console.h">
      <Filter>头文件</Filter>
    </ClInclude>
    <ClInclude Include="Header\Platform\Dll\Dll.h">
      <Filter>头文件</Filter>
    </ClInclude>
    <ClInclude Include="Header\Platform\File\Common\FileDefine.h">
      <Filter>头文件</Filter>
    </ClInclude>
    <ClInclude Include="Header\Platform\File\Directory.h">
      <Filter>头文件</Filter>
    </ClInclude>
    <ClInclude Include="Header\Platform\File\File.h">
      <Filter>头文件</Filter>
    </ClInclude>
    <ClInclude Include="Header\Platform\InputDevice\Commom\KeyCode.h">
      <Filter>头文件</Filter>
    </ClInclude>
    <ClInclude Include="Header\Platform\InputDevice\InputDevice.h">
      <Filter>头文件</Filter>
    </ClInclude>
    <ClInclude Include="Header\Platform\Internet\Internet.h">
      <Filter>头文件</Filter>
    </ClInclude>
    <ClInclude Include="Header\Platform\Internet\Socket.h">
      <Filter>头文件</Filter>
    </ClInclude>
    <ClInclude Include="Header\Platform\System\SystemInfo.h">
      <Filter>头文件</Filter>
    </ClInclude>
    <ClInclude Include="Header\Platform\System\SystemMonitor.h">
      <Filter>头文件</Filter>
    </ClInclude>
    <ClInclude Include="Header\Platform\Time\Date.h">
      <Filter>头文件</Filter>
    </ClInclude>
    <ClInclude Include="Header\Platform\Time\Time.h">
      <Filter>头文件</Filter>
    </ClInclude>
    <ClInclude Include="Header\Platform\Window\Common\WindowDefine.h">
      <Filter>头文件</Filter>
    </ClInclude>
    <ClInclude Include="Header\Platform\Window\Common\WindowEvent.h">
      <Filter>头文件</Filter>
    </ClInclude>
    <ClInclude Include="Header\Platform\Window\Window.h">
      <Filter>头文件</Filter>
    </ClInclude>
    <ClInclude Include="Header\Platform\Window\WindowFactory.h">
      <Filter>头文件</Filter>
    </ClInclude>
    <ClInclude Include="Header\Platform\Platform.h">
      <Filter>头文件</Filter>
    </ClInclude>
    <ClInclude Include="Header\Core\AudioPlayer\AudioClip.h">
      <Filter>头文件</Filter>
    </ClInclude>
    <ClInclude Include="Header\Core\Graphics\Mesh.h">
      <Filter>头文件</Filter>
    </ClInclude>
    <ClInclude Include="Header\Core\Graphics\Shader.h">
      <Filter>头文件</Filter>
    </ClInclude>
    <ClInclude Include="Header\StdEx\StringEx\StringEx.h">
      <Filter>头文件</Filter>
    </ClInclude>
    <ClInclude Include="Header\StdEx\StdEx.h">
      <Filter>头文件</Filter>
    </ClInclude>
    <ClInclude Include="Header\CppEx\DllDefine\DllDefine.h">
      <Filter>头文件</Filter>
    </ClInclude>
    <ClInclude Include="Header\XusoryEngine.h">
      <Filter>头文件</Filter>
    </ClInclude>
    <ClInclude Include="Header\RHI\DirectX\Common\d3dx12.h">
      <Filter>头文件</Filter>
    </ClInclude>
    <ClInclude Include="Header\RHI\DirectX\Common\DxDefine.h">
      <Filter>头文件</Filter>
    </ClInclude>
    <ClInclude Include="Header\RHI\DirectX\Common\DxInclude.h">
      <Filter>头文件</Filter>
    </ClInclude>
    <ClInclude Include="Header\RHI\DirectX\Common\DxObject.h">
      <Filter>头文件</Filter>
    </ClInclude>
    <ClInclude Include="Header\RHI\DirectX\DX12\Dx12Device.h">
      <Filter>头文件</Filter>
    </ClInclude>
    <ClInclude Include="Header\RHI\DirectX\DxFactory.h">
      <Filter>头文件</Filter>
    </ClInclude>
    <ClInclude Include="Header\RHI\RHI.h">
      <Filter>头文件</Filter>
    </ClInclude>
    <ClInclude Include="Header\CppEx\AsyncInfo\AsyncInfo.h">
      <Filter>头文件</Filter>
    </ClInclude>
    <ClInclude Include="Header\RHI\DirectX\DX12\Dx12RootSignature.h">
      <Filter>头文件</Filter>
    </ClInclude>
    <ClInclude Include="Header\RHI\DirectX\DX12\Buffer\Dx12Buffer1D.h">
      <Filter>头文件</Filter>
    </ClInclude>
    <ClInclude Include="Header\RHI\DirectX\DX12\Buffer\Dx12Buffer.h">
      <Filter>头文件</Filter>
    </ClInclude>
    <ClInclude Include="Header\RHI\DirectX\DX12\Buffer\Dx12Buffer2D.h">
      <Filter>头文件</Filter>
    </ClInclude>
    <ClInclude Include="Header\RHI\DirectX\DX12\Dx12DescriptorHeap.h">
      <Filter>头文件</Filter>
    </ClInclude>
    <ClInclude Include="Header\RHI\DirectX\DX12\Dx12DescriptorAllocator.h">
      <Filter>头文件</Filter>
    </ClInclude>
    <ClInclude Include="Header\RHI\DirectX\DX12\Dx12Fence.h">
      <Filter>头文件</Filter>
    </ClInclude>
    <ClInclude Include="Header\RHI\DirectX\DX12\Buffer\Dx12RenderTargetBuffer.h">
      <Filter>头文件</Filter>
    </ClInclude>
    <ClInclude Include="Header\RHI\DirectX\DX12\Buffer\Dx12DepthStencilBuffer.h">
      <Filter>头文件</Filter>
    </ClInclude>
    <ClInclude Include="Header\RHI\DirectX\DX12\Buffer\Dx12UploadBuffer.h">
      <Filter>头文件</Filter>
    </ClInclude>
    <ClInclude Include="Header\RHI\DirectX\DX12\Dx12CommandList.h">
      <Filter>头文件</Filter>
    </ClInclude>
    <ClInclude Include="Header\RHI\DirectX\DX12\Dx12CommandQueue.h">
      <Filter>头文件</Filter>
    </ClInclude>
    <ClInclude Include="Header\RHI\DirectX\DX12\Dx12PipelineState.h">
      <Filter>头文件</Filter>
    </ClInclude>
    <ClInclude Include="Header\RHI\DirectX\DxSwapChain.h">
      <Filter>头文件</Filter>
    </ClInclude>
    <ClInclude Include="Header\Core\Graphics\GraphicsManager.h">
      <Filter>头文件</Filter>
    </ClInclude>
    <ClInclude Include="Header\Core\Graphics\CommandContext.h">
      <Filter>头文件</Filter>
    </ClInclude>
    <ClInclude Include="Header\Core\Graphics\RenderPipeline.h">
      <Filter>头文件</Filter>
    </ClInclude>
    <ClInclude Include="Header\RHI\DirectX\DX12\Buffer\Dx12UnorderedAccessBuffer.h">
      <Filter>头文件</Filter>
    </ClInclude>
    <ClInclude Include="Header\RHI\DirectX\DX12\Buffer\Dx12MeshBuffer.h">
      <Filter>头文件</Filter>
    </ClInclude>
    <ClInclude Include="Header\RHI\DirectX\DX12\Buffer\Dx12ConstantBuffer.h">
      <Filter>头文件</Filter>
    </ClInclude>
    <ClInclude Include="Header\RHI\DirectX\DX12\Buffer\Dx12ShaderResourceBuffer.h">
      <Filter>头文件</Filter>
    </ClInclude>
    <ClInclude Include="Header\RHI\DirectX\DX12\Dx12CommandAllocator.h">
      <Filter>头文件</Filter>
    </ClInclude>
    <ClInclude Include="Header\RHI\DirectX\DxShaderCompiler.h">
      <Filter>头文件</Filter>
    </ClInclude>
    <ClInclude Include="Header\Core\Graphics\Material.h">
      <Filter>头文件</Filter>
    </ClInclude>
    <ClInclude Include="Header\Core\Graphics\Geometry\Vertex.h">
      <Filter>头文件</Filter>
    </ClInclude>
    <ClInclude Include="Header\Resource\Resource.h">
      <Filter>头文件</Filter>
    </ClInclude>
    <ClInclude Include="GameWindow.h">
      <Filter>头文件</Filter>
    </ClInclude>
    <ClInclude Include="Header\Engine\Component\Transform\Transform.h">
      <Filter>头文件</Filter>
    </ClInclude>
    <ClInclude Include="Header\Engine\Component\Behaviour\Renderer\MeshRenderer.h">
      <Filter>头文件</Filter>
    </ClInclude>
    <ClInclude Include="Header\Engine\GameObject\GameObject.h">
      <Filter>头文件</Filter>
    </ClInclude>
    <ClInclude Include="GameMainDefine.h">
      <Filter>头文件</Filter>
    </ClInclude>
    <ClInclude Include="Header\Core\Graphics\Common\GraphicsDefine.h">
      <Filter>头文件</Filter>
    </ClInclude>
    <ClInclude Include="Header\Core\Graphics\Texture.h">
      <Filter>头文件</Filter>
    </ClInclude>
    <ClInclude Include="Header\Engine\Common\EngineDefine.h">
      <Filter>头文件</Filter>
    </ClInclude>
    <ClInclude Include="Header\Engine\Component\Behaviour\Actor\Actor.h">
      <Filter>头文件</Filter>
    </ClInclude>
    <ClInclude Include="Header\Engine\Component\Behaviour\Behaviour.h">
      <Filter>头文件</Filter>
    </ClInclude>
    <ClInclude Include="Header\Engine\Component\Behaviour\Camera\Camera.h">
      <Filter>头文件</Filter>
    </ClInclude>
    <ClInclude Include="Header\Engine\Component\Behaviour\Light\Light.h">
      <Filter>头文件</Filter>
    </ClInclude>
    <ClInclude Include="Header\Engine\Input\Input.h">
      <Filter>头文件</Filter>
    </ClInclude>
    <ClInclude Include="Header\RHI\DirectX\DxTextureLoader.h">
      <Filter>头文件</Filter>
    </ClInclude>
    <ClInclude Include="Header\Engine\Engine.h">
      <Filter>头文件</Filter>
    </ClInclude>
    <ClInclude Include="Header\Engine\EngineMath\XsMath.h">
      <Filter>头文件</Filter>
    </ClInclude>
    <ClInclude Include="Header\Engine\Component\Component.h">
      <Filter>头文件</Filter>
    </ClInclude>
    <ClInclude Include="Header\RHI\DirectX\Common\DDSTextureLoader.h">
      <Filter>头文件</Filter>
    </ClInclude>
    <ClInclude Include="Header\RHI\DirectX\DX12\Buffer\Dx12TextureBuffer.h">
      <Filter>头文件</Filter>
    </ClInclude>
    <ClInclude Include="Header\Resource\ResourceLoader\TextureLoader.h">
      <Filter>头文件</Filter>
    </ClInclude>
    <ClInclude Include="Header\Core\API\Factory.h">
      <Filter>头文件</Filter>
    </ClInclude>
    <ClInclude Include="Header\Resource\ResourceLoader\MeshLoader.h">
      <Filter>头文件</Filter>
    </ClInclude>
  </ItemGroup>
  <ItemGroup>
    <None Include="Shaders\color2.hlsl" />
    <None Include="Shaders\color1.hlsl" />
    <None Include="packages.config" />
  </ItemGroup>
</Project>